
Microsoft Visual Studio Solution File, Format Version 12.00
# Visual Studio Version 16
VisualStudioVersion = 16.0.31112.23
MinimumVisualStudioVersion = 10.0.40219.1
Project("{9A19103F-16F7-4668-BE54-9A1E7A4F7556}") = "Calculator", "Calculator\Calculator.csproj", "{8FD14DE5-ADFB-4741-A6FD-B532DA9DE91E}"
EndProject
Project("{9A19103F-16F7-4668-BE54-9A1E7A4F7556}") = "CalculatorTests", "CalculatorTests\CalculatorTests.csproj", "{B1C2123F-3CF7-4429-A48A-A6DD37FD7CB7}"
EndProject
Project("{9A19103F-16F7-4668-BE54-9A1E7A4F7556}") = "Ulearn", "Ulearn\Ulearn.csproj", "{16CEEDE6-469B-4EE1-B252-BAECD0C0A220}"
EndProject
Project("{9A19103F-16F7-4668-BE54-9A1E7A4F7556}") = "Diagnostics", "Diagnostics\Diagnostics.csproj", "{7A3BD799-7794-4F48-8BF9-BC7C9624DCA9}"
EndProject
Project("{9A19103F-16F7-4668-BE54-9A1E7A4F7556}") = "SoloPractical", "Fignua\SoloPractical.csproj", "{630A2560-5C07-49E1-9074-012E9DC39EA7}"
EndProject
Project("{9A19103F-16F7-4668-BE54-9A1E7A4F7556}") = "ParallelAsyncTask", "ParallelAsyncTask\ParallelAsyncTask.csproj", "{027454A0-3624-4C0E-8F0C-2F4AD2A43D84}"
EndProject
Project("{FAE04EC0-301F-11D3-BF4B-00C04F79EFBC}") = "SqlLite", "SqlLite\SqlLite.csproj", "{2C950B67-7888-4BA5-B5C8-EBDAE61D489E}"
EndProject
Project("{FAE04EC0-301F-11D3-BF4B-00C04F79EFBC}") = "API", "API\API.csproj", "{7FFF73AE-9D37-4B6A-BB4E-FC9180643832}"
EndProject
Global
	GlobalSection(SolutionConfigurationPlatforms) = preSolution
		Debug|Any CPU = Debug|Any CPU
		Release|Any CPU = Release|Any CPU
	EndGlobalSection
	GlobalSection(ProjectConfigurationPlatforms) = postSolution
		{8FD14DE5-ADFB-4741-A6FD-B532DA9DE91E}.Debug|Any CPU.ActiveCfg = Debug|Any CPU
		{8FD14DE5-ADFB-4741-A6FD-B532DA9DE91E}.Debug|Any CPU.Build.0 = Debug|Any CPU
		{8FD14DE5-ADFB-4741-A6FD-B532DA9DE91E}.Release|Any CPU.ActiveCfg = Release|Any CPU
		{8FD14DE5-ADFB-4741-A6FD-B532DA9DE91E}.Release|Any CPU.Build.0 = Release|Any CPU
		{B1C2123F-3CF7-4429-A48A-A6DD37FD7CB7}.Debug|Any CPU.ActiveCfg = Debug|Any CPU
		{B1C2123F-3CF7-4429-A48A-A6DD37FD7CB7}.Debug|Any CPU.Build.0 = Debug|Any CPU
		{B1C2123F-3CF7-4429-A48A-A6DD37FD7CB7}.Release|Any CPU.ActiveCfg = Release|Any CPU
		{B1C2123F-3CF7-4429-A48A-A6DD37FD7CB7}.Release|Any CPU.Build.0 = Release|Any CPU
		{16CEEDE6-469B-4EE1-B252-BAECD0C0A220}.Debug|Any CPU.ActiveCfg = Debug|Any CPU
		{16CEEDE6-469B-4EE1-B252-BAECD0C0A220}.Debug|Any CPU.Build.0 = Debug|Any CPU
		{16CEEDE6-469B-4EE1-B252-BAECD0C0A220}.Release|Any CPU.ActiveCfg = Release|Any CPU
		{16CEEDE6-469B-4EE1-B252-BAECD0C0A220}.Release|Any CPU.Build.0 = Release|Any CPU
		{7A3BD799-7794-4F48-8BF9-BC7C9624DCA9}.Debug|Any CPU.ActiveCfg = Debug|Any CPU
		{7A3BD799-7794-4F48-8BF9-BC7C9624DCA9}.Debug|Any CPU.Build.0 = Debug|Any CPU
		{7A3BD799-7794-4F48-8BF9-BC7C9624DCA9}.Release|Any CPU.ActiveCfg = Release|Any CPU
		{7A3BD799-7794-4F48-8BF9-BC7C9624DCA9}.Release|Any CPU.Build.0 = Release|Any CPU
		{630A2560-5C07-49E1-9074-012E9DC39EA7}.Debug|Any CPU.ActiveCfg = Debug|Any CPU
		{630A2560-5C07-49E1-9074-012E9DC39EA7}.Debug|Any CPU.Build.0 = Debug|Any CPU
		{630A2560-5C07-49E1-9074-012E9DC39EA7}.Release|Any CPU.ActiveCfg = Release|Any CPU
		{630A2560-5C07-49E1-9074-012E9DC39EA7}.Release|Any CPU.Build.0 = Release|Any CPU
		{027454A0-3624-4C0E-8F0C-2F4AD2A43D84}.Debug|Any CPU.ActiveCfg = Debug|Any CPU
		{027454A0-3624-4C0E-8F0C-2F4AD2A43D84}.Debug|Any CPU.Build.0 = Debug|Any CPU
		{027454A0-3624-4C0E-8F0C-2F4AD2A43D84}.Release|Any CPU.ActiveCfg = Release|Any CPU
		{027454A0-3624-4C0E-8F0C-2F4AD2A43D84}.Release|Any CPU.Build.0 = Release|Any CPU
		{2C950B67-7888-4BA5-B5C8-EBDAE61D489E}.Debug|Any CPU.ActiveCfg = Debug|Any CPU
		{2C950B67-7888-4BA5-B5C8-EBDAE61D489E}.Debug|Any CPU.Build.0 = Debug|Any CPU
		{2C950B67-7888-4BA5-B5C8-EBDAE61D489E}.Release|Any CPU.ActiveCfg = Release|Any CPU
		{2C950B67-7888-4BA5-B5C8-EBDAE61D489E}.Release|Any CPU.Build.0 = Release|Any CPU
		{7FFF73AE-9D37-4B6A-BB4E-FC9180643832}.Debug|Any CPU.ActiveCfg = Debug|Any CPU
		{7FFF73AE-9D37-4B6A-BB4E-FC9180643832}.Debug|Any CPU.Build.0 = Debug|Any CPU
		{7FFF73AE-9D37-4B6A-BB4E-FC9180643832}.Release|Any CPU.ActiveCfg = Release|Any CPU
		{7FFF73AE-9D37-4B6A-BB4E-FC9180643832}.Release|Any CPU.Build.0 = Release|Any CPU
	EndGlobalSection
	GlobalSection(SolutionProperties) = preSolution
		HideSolutionNode = FALSE
	EndGlobalSection
	GlobalSection(ExtensibilityGlobals) = postSolution
		SolutionGuid = {183093E1-A0E2-4DA5-820D-35834C594838}
	EndGlobalSection
EndGlobal
